# Transition bedroom lights on for 5 minutes if alarm clock is set
# This sends Z-Wave parameters to change the light to dim at 2.55 seconds per level at 100 increments, taking 4.2 minutes to go to full brightness
automation:
  - alias: 'Wake Me Up'
    trigger:
      platform: template
      value_template: "{{ states('sensor.time') == (states.input_datetime.bedroom_alarm_clock_time.attributes.timestamp | int | timestamp_custom('%H:%M', False)) }}"
    condition:
      condition: or
      conditions:
        - condition: state
          entity_id: input_boolean.alarmweekday
          state: 'on'
        - condition: time
          weekday:
            - mon
            - tue
            - wed
            - thu
            - fri
        - condition: state
          entity_id: input_boolean.alarmweekday
          state: 'off'
    action:
    - service: variable.set_variable
      data:
        variable: house_state
        value: 'Wakeup'
    - service: zwave.set_config_parameter
      data:
        node_id: 6
        parameter: 7
        value: 1
    - service: zwave.set_config_parameter
      data:
        node_id: 6
        parameter: 8
        value: 255
    - service: light.turn_on
      entity_id: light.master_bedroom_rear_lights
    - service: homeassistant.turn_on
      entity_id: automation.alarm_clock_morning_announcements

group:
  alarmclock:
    name: Alarm Clock
    control: hidden
    entities:
      - automation.wake_me_up
      - input_datetime.bedroom_alarm_clock_time
      - input_boolean.alarmweekday

input_datetime:
  bedroom_alarm_clock_time:
    name: Time
    has_date: false
    has_time: true
    initial: 08:30

# Only wake me up on weekdays?
input_boolean:
  alarmweekday:
    name: Weekdays Only
    initial: on
    icon: mdi:calendar-check
